
Microsoft Visual Studio Solution File, Format Version 12.00
# Visual Studio 2012
Project("{FAE04EC0-301F-11D3-BF4B-00C04F79EFBC}") = "Basic", "Basic\Basic.csproj", "{F5F97FE6-EF9A-4EDF-9900-0345FE63C666}"
EndProject
Project("{2150E333-8FDC-42A3-9474-1A3956D46DE8}") = ".nuget", ".nuget", "{BA515243-5BB4-4F43-8C9E-DB838FADF5BD}"
	ProjectSection(SolutionItems) = preProject
		.nuget\NuGet.Config = .nuget\NuGet.Config
		.nuget\NuGet.exe = .nuget\NuGet.exe
		.nuget\NuGet.targets = .nuget\NuGet.targets
	EndProjectSection
EndProject
Global
	GlobalSection(SolutionConfigurationPlatforms) = preSolution
		Debug|Any CPU = Debug|Any CPU
		Release|Any CPU = Release|Any CPU
	EndGlobalSection
	GlobalSection(ProjectConfigurationPlatforms) = postSolution
		{F5F97FE6-EF9A-4EDF-9900-0345FE63C666}.Debug|Any CPU.ActiveCfg = Debug|Any CPU
		{F5F97FE6-EF9A-4EDF-9900-0345FE63C666}.Debug|Any CPU.Build.0 = Debug|Any CPU
		{F5F97FE6-EF9A-4EDF-9900-0345FE63C666}.Release|Any CPU.ActiveCfg = Release|Any CPU
		{F5F97FE6-EF9A-4EDF-9900-0345FE63C666}.Release|Any CPU.Build.0 = Release|Any CPU
	EndGlobalSection
	GlobalSection(SolutionProperties) = preSolution
		HideSolutionNode = FALSE
	EndGlobalSection
EndGlobal
